[{<<"lz4">>,
  {git,"https://github.com/gramini-tech/erlang-lz4.git",
       {ref,"0137b6e920d42e9c136b5799190085df83f2e74f"}},
  0},
 {<<"pooler">>,
  {git,"https://github.com/seth/pooler.git",
       {ref,"521f568bf9a2ccbe7c7e0fc23f24cd06ec559b79"}},
  0},
 {<<"quickrand">>,
  {git,"https://github.com/okeuday/quickrand.git",
       {ref,"336c0d94a6a384f307183b3c14fc2112656dac37"}},
  1},
 {<<"re2">>,
  {git,"https://github.com/tuncer/re2.git",
       {ref,"2471e06ed7e548ca1af522e95b16867135afdfdc"}},
  0},
 {<<"semver">>,
  {git,"https://github.com/nebularis/semver.git",
       {ref,"c7d509f38298ec6594be4efdcd8a8f2322760039"}},
  0},
 {<<"snappy">>,
  {git,"https://github.com/skunkwerks/snappy-erlang-nif",
       {ref,"4e3b8611b6a1ff85a417b0f2fad8886c9485810e"}},
  0},
 {<<"uuid">>,
  {git,"https://github.com/okeuday/uuid.git",
       {ref,"27219e393d22b11f3e7ac3ebb1a1858e5bab7aef"}},
  0}].
